
Microsoft Visual Studio Solution File, Format Version 12.00
# Visual Studio Version 17
VisualStudioVersion = 17.1.32328.378
MinimumVisualStudioVersion = 10.0.40219.1
Project("{FAE04EC0-301F-11D3-BF4B-00C04F79EFBC}") = "SrezMobile.Android", "..\SrezMobile\SrezMobile.Android\SrezMobile.Android.csproj", "{9CC32CEC-9298-48F1-931C-9DB6D70CCA81}"
EndProject
Project("{FAE04EC0-301F-11D3-BF4B-00C04F79EFBC}") = "SrezMobile", "..\SrezMobile\SrezMobile\SrezMobile.csproj", "{573E9ECE-2FF6-451C-AF6D-9E98FE974360}"
EndProject
Global
	GlobalSection(SolutionConfigurationPlatforms) = preSolution
		Debug|Any CPU = Debug|Any CPU
		Release|Any CPU = Release|Any CPU
	EndGlobalSection
	GlobalSection(ProjectConfigurationPlatforms) = postSolution
		{9CC32CEC-9298-48F1-931C-9DB6D70CCA81}.Debug|Any CPU.ActiveCfg = Debug|Any CPU
		{9CC32CEC-9298-48F1-931C-9DB6D70CCA81}.Debug|Any CPU.Build.0 = Debug|Any CPU
		{9CC32CEC-9298-48F1-931C-9DB6D70CCA81}.Debug|Any CPU.Deploy.0 = Debug|Any CPU
		{9CC32CEC-9298-48F1-931C-9DB6D70CCA81}.Release|Any CPU.ActiveCfg = Release|Any CPU
		{9CC32CEC-9298-48F1-931C-9DB6D70CCA81}.Release|Any CPU.Build.0 = Release|Any CPU
		{9CC32CEC-9298-48F1-931C-9DB6D70CCA81}.Release|Any CPU.Deploy.0 = Release|Any CPU
		{573E9ECE-2FF6-451C-AF6D-9E98FE974360}.Debug|Any CPU.ActiveCfg = Debug|Any CPU
		{573E9ECE-2FF6-451C-AF6D-9E98FE974360}.Debug|Any CPU.Build.0 = Debug|Any CPU
		{573E9ECE-2FF6-451C-AF6D-9E98FE974360}.Release|Any CPU.ActiveCfg = Release|Any CPU
		{573E9ECE-2FF6-451C-AF6D-9E98FE974360}.Release|Any CPU.Build.0 = Release|Any CPU
	EndGlobalSection
	GlobalSection(SolutionProperties) = preSolution
		HideSolutionNode = FALSE
	EndGlobalSection
	GlobalSection(ExtensibilityGlobals) = postSolution
		SolutionGuid = {8D74DD58-521F-4B1F-B538-12BC5A40FD47}
	EndGlobalSection
EndGlobal
